
Microsoft Visual Studio Solution File, Format Version 12.00
# Visual Studio 15
VisualStudioVersion = 15.0.28307.539
MinimumVisualStudioVersion = 10.0.40219.1
Project("{FAE04EC0-301F-11D3-BF4B-00C04F79EFBC}") = "BookScanning", "BookScanning\BookScanning.csproj", "{074F3ECC-A7EF-416D-A985-4945BF930CC1}"
EndProject
Global
	GlobalSection(SolutionConfigurationPlatforms) = preSolution
		Debug|Any CPU = Debug|Any CPU
		Release|Any CPU = Release|Any CPU
	EndGlobalSection
	GlobalSection(ProjectConfigurationPlatforms) = postSolution
		{074F3ECC-A7EF-416D-A985-4945BF930CC1}.Debug|Any CPU.ActiveCfg = Debug|Any CPU
		{074F3ECC-A7EF-416D-A985-4945BF930CC1}.Debug|Any CPU.Build.0 = Debug|Any CPU
		{074F3ECC-A7EF-416D-A985-4945BF930CC1}.Release|Any CPU.ActiveCfg = Release|Any CPU
		{074F3ECC-A7EF-416D-A985-4945BF930CC1}.Release|Any CPU.Build.0 = Release|Any CPU
	EndGlobalSection
	GlobalSection(SolutionProperties) = preSolution
		HideSolutionNode = FALSE
	EndGlobalSection
	GlobalSection(ExtensibilityGlobals) = postSolution
		SolutionGuid = {54A8AAAD-97B1-4AC1-8F7B-694F7F520E6D}
	EndGlobalSection
EndGlobal
